
Microsoft Visual Studio Solution File, Format Version 12.00
# Visual Studio Version 17
VisualStudioVersion = 17.11.35222.181
MinimumVisualStudioVersion = 10.0.40219.1
Project("{FAE04EC0-301F-11D3-BF4B-00C04F79EFBC}") = "PromedioN", "PromedioN.csproj", "{92B58385-8429-455E-B95C-49A8B1931CBD}"
EndProject
Global
	GlobalSection(SolutionConfigurationPlatforms) = preSolution
		Debug|Any CPU = Debug|Any CPU
		Release|Any CPU = Release|Any CPU
	EndGlobalSection
	GlobalSection(ProjectConfigurationPlatforms) = postSolution
		{92B58385-8429-455E-B95C-49A8B1931CBD}.Debug|Any CPU.ActiveCfg = Debug|Any CPU
		{92B58385-8429-455E-B95C-49A8B1931CBD}.Debug|Any CPU.Build.0 = Debug|Any CPU
		{92B58385-8429-455E-B95C-49A8B1931CBD}.Release|Any CPU.ActiveCfg = Release|Any CPU
		{92B58385-8429-455E-B95C-49A8B1931CBD}.Release|Any CPU.Build.0 = Release|Any CPU
	EndGlobalSection
	GlobalSection(SolutionProperties) = preSolution
		HideSolutionNode = FALSE
	EndGlobalSection
	GlobalSection(ExtensibilityGlobals) = postSolution
		SolutionGuid = {C9DB2E96-D0FC-49A7-A3E1-94A0CE93B9F9}
	EndGlobalSection
EndGlobal
